
Microsoft Visual Studio Solution File, Format Version 12.00
# Visual Studio Version 17
VisualStudioVersion = 17.14.36717.8
MinimumVisualStudioVersion = 10.0.40219.1
Project("{FAE04EC0-301F-11D3-BF4B-00C04F79EFBC}") = "ACAD API", "SINGLE FOOTING\ACAD API.csproj", "{4A96D269-F7D9-4E7B-93E3-F8FCA4DC5CAE}"
EndProject
Global
	GlobalSection(SolutionConfigurationPlatforms) = preSolution
		Debug|Any CPU = Debug|Any CPU
		Release|Any CPU = Release|Any CPU
	EndGlobalSection
	GlobalSection(ProjectConfigurationPlatforms) = postSolution
		{4A96D269-F7D9-4E7B-93E3-F8FCA4DC5CAE}.Debug|Any CPU.ActiveCfg = Debug|Any CPU
		{4A96D269-F7D9-4E7B-93E3-F8FCA4DC5CAE}.Debug|Any CPU.Build.0 = Debug|Any CPU
		{4A96D269-F7D9-4E7B-93E3-F8FCA4DC5CAE}.Release|Any CPU.ActiveCfg = Release|Any CPU
		{4A96D269-F7D9-4E7B-93E3-F8FCA4DC5CAE}.Release|Any CPU.Build.0 = Release|Any CPU
	EndGlobalSection
	GlobalSection(SolutionProperties) = preSolution
		HideSolutionNode = FALSE
	EndGlobalSection
	GlobalSection(ExtensibilityGlobals) = postSolution
		SolutionGuid = {A2632D0A-73CF-4FC0-9FC1-73D1ADD5CFFC}
	EndGlobalSection
EndGlobal
